// !$*UTF8*$!
{
	archiveVersion = 1;
	classes = {
	};
	objectVersion = 55;
	objects = {

/* Begin PBXBuildFile section */
		31FA36D0282059C00001BDDB /* CoreDataProjectApp.swift in Sources */ = {isa = PBXBuildFile; fileRef = 31FA36CF282059C00001BDDB /* CoreDataProjectApp.swift */; };
		31FA36D2282059C00001BDDB /* ContentView.swift in Sources */ = {isa = PBXBuildFile; fileRef = 31FA36D1282059C00001BDDB /* ContentView.swift */; };
		31FA36D4282059C10001BDDB /* Assets.xcassets in Resources */ = {isa = PBXBuildFile; fileRef = 31FA36D3282059C10001BDDB /* Assets.xcassets */; };
		31FA36D7282059C10001BDDB /* Preview Assets.xcassets in Resources */ = {isa = PBXBuildFile; fileRef = 31FA36D6282059C10001BDDB /* Preview Assets.xcassets */; };
		31FA36DF282059EC0001BDDB /* CoreDataProjectOne.xcdatamodeld in Sources */ = {isa = PBXBuildFile; fileRef = 31FA36DD282059EC0001BDDB /* CoreDataProjectOne.xcdatamodeld */; };
		31FA36E42820E96C0001BDDB /* UsingSelf.swift in Sources */ = {isa = PBXBuildFile; fileRef = 31FA36E32820E96C0001BDDB /* UsingSelf.swift */; };
		31FA36E92820F6630001BDDB /* Movie+CoreDataClass.swift in Sources */ = {isa = PBXBuildFile; fileRef = 31FA36E72820F6630001BDDB /* Movie+CoreDataClass.swift */; };
		31FA36EA2820F6630001BDDB /* Movie+CoreDataProperties.swift in Sources */ = {isa = PBXBuildFile; fileRef = 31FA36E82820F6630001BDDB /* Movie+CoreDataProperties.swift */; };
		31FA36EF2820FA980001BDDB /* DataModel.swift in Sources */ = {isa = PBXBuildFile; fileRef = 31FA36EE2820FA980001BDDB /* DataModel.swift */; };
		31FA36F1282192530001BDDB /* ConditionalSaving.swift in Sources */ = {isa = PBXBuildFile; fileRef = 31FA36F0282192530001BDDB /* ConditionalSaving.swift */; };
		31FA36F5282194B00001BDDB /* WizardModel.xcdatamodeld in Sources */ = {isa = PBXBuildFile; fileRef = 31FA36F3282194B00001BDDB /* WizardModel.xcdatamodeld */; };
		31FA36F7282195BC0001BDDB /* WizardContentView.swift in Sources */ = {isa = PBXBuildFile; fileRef = 31FA36F6282195BC0001BDDB /* WizardContentView.swift */; };
		31FA36FA2821D8360001BDDB /* ShipContentView.swift in Sources */ = {isa = PBXBuildFile; fileRef = 31FA36F92821D8360001BDDB /* ShipContentView.swift */; };
		31FA36FD2821D8460001BDDB /* ShipModel.xcdatamodeld in Sources */ = {isa = PBXBuildFile; fileRef = 31FA36FB2821D8460001BDDB /* ShipModel.xcdatamodeld */; };
		31FA36FF2821D86D0001BDDB /* ShipDataModel.swift in Sources */ = {isa = PBXBuildFile; fileRef = 31FA36FE2821D86D0001BDDB /* ShipDataModel.swift */; };
		31FA37032822088C0001BDDB /* DynamicFilterOfSingers.xcdatamodeld in Sources */ = {isa = PBXBuildFile; fileRef = 31FA37012822088C0001BDDB /* DynamicFilterOfSingers.xcdatamodeld */; };
		31FA3706282208CD0001BDDB /* Singer+CoreDataClass.swift in Sources */ = {isa = PBXBuildFile; fileRef = 31FA3704282208CD0001BDDB /* Singer+CoreDataClass.swift */; };
		31FA3707282208CD0001BDDB /* Singer+CoreDataProperties.swift in Sources */ = {isa = PBXBuildFile; fileRef = 31FA3705282208CD0001BDDB /* Singer+CoreDataProperties.swift */; };
		31FA3709282209210001BDDB /* SingerDM.swift in Sources */ = {isa = PBXBuildFile; fileRef = 31FA3708282209210001BDDB /* SingerDM.swift */; };
		31FA370C28220A4B0001BDDB /* DFContentView.swift in Sources */ = {isa = PBXBuildFile; fileRef = 31FA370B28220A4B0001BDDB /* DFContentView.swift */; };
		31FA370E28220C300001BDDB /* FilteredList.swift in Sources */ = {isa = PBXBuildFile; fileRef = 31FA370D28220C300001BDDB /* FilteredList.swift */; };
/* End PBXBuildFile section */

/* Begin PBXFileReference section */
		31FA36CC282059C00001BDDB /* CoreDataProject.app */ = {isa = PBXFileReference; explicitFileType = wrapper.application; includeInIndex = 0; path = CoreDataProject.app; sourceTree = BUILT_PRODUCTS_DIR; };
		31FA36CF282059C00001BDDB /* CoreDataProjectApp.swift */ = {isa = PBXFileReference; lastKnownFileType = sourcecode.swift; path = CoreDataProjectApp.swift; sourceTree = "<group>"; };
		31FA36D1282059C00001BDDB /* ContentView.swift */ = {isa = PBXFileReference; lastKnownFileType = sourcecode.swift; path = ContentView.swift; sourceTree = "<group>"; };
		31FA36D3282059C10001BDDB /* Assets.xcassets */ = {isa = PBXFileReference; lastKnownFileType = folder.assetcatalog; path = Assets.xcassets; sourceTree = "<group>"; };
		31FA36D6282059C10001BDDB /* Preview Assets.xcassets */ = {isa = PBXFileReference; lastKnownFileType = folder.assetcatalog; path = "Preview Assets.xcassets"; sourceTree = "<group>"; };
		31FA36DE282059EC0001BDDB /* CoreDataProject.xcdatamodel */ = {isa = PBXFileReference; lastKnownFileType = wrapper.xcdatamodel; path = CoreDataProject.xcdatamodel; sourceTree = "<group>"; };
		31FA36E32820E96C0001BDDB /* UsingSelf.swift */ = {isa = PBXFileReference; lastKnownFileType = sourcecode.swift; path = UsingSelf.swift; sourceTree = "<group>"; };
		31FA36E72820F6630001BDDB /* Movie+CoreDataClass.swift */ = {isa = PBXFileReference; lastKnownFileType = sourcecode.swift; path = "Movie+CoreDataClass.swift"; sourceTree = "<group>"; };
		31FA36E82820F6630001BDDB /* Movie+CoreDataProperties.swift */ = {isa = PBXFileReference; lastKnownFileType = sourcecode.swift; path = "Movie+CoreDataProperties.swift"; sourceTree = "<group>"; };
		31FA36ED2820F70D0001BDDB /* ReadMe1.h */ = {isa = PBXFileReference; lastKnownFileType = sourcecode.c.h; path = ReadMe1.h; sourceTree = "<group>"; };
		31FA36EE2820FA980001BDDB /* DataModel.swift */ = {isa = PBXFileReference; lastKnownFileType = sourcecode.swift; path = DataModel.swift; sourceTree = "<group>"; };
		31FA36F0282192530001BDDB /* ConditionalSaving.swift */ = {isa = PBXFileReference; lastKnownFileType = sourcecode.swift; path = ConditionalSaving.swift; sourceTree = "<group>"; };
		31FA36F4282194B00001BDDB /* WizardModel.xcdatamodel */ = {isa = PBXFileReference; lastKnownFileType = wrapper.xcdatamodel; path = WizardModel.xcdatamodel; sourceTree = "<group>"; };
		31FA36F6282195BC0001BDDB /* WizardContentView.swift */ = {isa = PBXFileReference; lastKnownFileType = sourcecode.swift; path = WizardContentView.swift; sourceTree = "<group>"; };
		31FA36F92821D8360001BDDB /* ShipContentView.swift */ = {isa = PBXFileReference; lastKnownFileType = sourcecode.swift; path = ShipContentView.swift; sourceTree = "<group>"; };
		31FA36FC2821D8460001BDDB /* ShipModel.xcdatamodel */ = {isa = PBXFileReference; lastKnownFileType = wrapper.xcdatamodel; path = ShipModel.xcdatamodel; sourceTree = "<group>"; };
		31FA36FE2821D86D0001BDDB /* ShipDataModel.swift */ = {isa = PBXFileReference; lastKnownFileType = sourcecode.swift; path = ShipDataModel.swift; sourceTree = "<group>"; };
		31FA37022822088C0001BDDB /* DynamicFilterOfSingers.xcdatamodel */ = {isa = PBXFileReference; lastKnownFileType = wrapper.xcdatamodel; path = DynamicFilterOfSingers.xcdatamodel; sourceTree = "<group>"; };
		31FA3704282208CD0001BDDB /* Singer+CoreDataClass.swift */ = {isa = PBXFileReference; lastKnownFileType = sourcecode.swift; path = "Singer+CoreDataClass.swift"; sourceTree = "<group>"; };
		31FA3705282208CD0001BDDB /* Singer+CoreDataProperties.swift */ = {isa = PBXFileReference; lastKnownFileType = sourcecode.swift; path = "Singer+CoreDataProperties.swift"; sourceTree = "<group>"; };
		31FA3708282209210001BDDB /* SingerDM.swift */ = {isa = PBXFileReference; lastKnownFileType = sourcecode.swift; path = SingerDM.swift; sourceTree = "<group>"; };
		31FA370B28220A4B0001BDDB /* DFContentView.swift */ = {isa = PBXFileReference; lastKnownFileType = sourcecode.swift; path = DFContentView.swift; sourceTree = "<group>"; };
		31FA370D28220C300001BDDB /* FilteredList.swift */ = {isa = PBXFileReference; lastKnownFileType = sourcecode.swift; path = FilteredList.swift; sourceTree = "<group>"; };
/* End PBXFileReference section */

/* Begin PBXFrameworksBuildPhase section */
		31FA36C9282059C00001BDDB /* Frameworks */ = {
			isa = PBXFrameworksBuildPhase;
			buildActionMask = 2147483647;
			files = (
			);
			runOnlyForDeploymentPostprocessing = 0;
		};
/* End PBXFrameworksBuildPhase section */

/* Begin PBXGroup section */
		31FA36C3282059C00001BDDB = {
			isa = PBXGroup;
			children = (
				31FA36CE282059C00001BDDB /* CoreDataProject */,
				31FA36CD282059C00001BDDB /* Products */,
			);
			sourceTree = "<group>";
		};
		31FA36CD282059C00001BDDB /* Products */ = {
			isa = PBXGroup;
			children = (
				31FA36CC282059C00001BDDB /* CoreDataProject.app */,
			);
			name = Products;
			sourceTree = "<group>";
		};
		31FA36CE282059C00001BDDB /* CoreDataProject */ = {
			isa = PBXGroup;
			children = (
				31FA3700282208600001BDDB /* Entity4 */,
				31FA36F82821D8210001BDDB /* Entity3 */,
				31FA36F2282194960001BDDB /* Entity2 */,
				31FA36E62820F5B40001BDDB /* Entity */,
				31FA370A282209BF0001BDDB /* First Tuts */,
				31FA36CF282059C00001BDDB /* CoreDataProjectApp.swift */,
				31FA36D1282059C00001BDDB /* ContentView.swift */,
				31FA36D3282059C10001BDDB /* Assets.xcassets */,
				31FA36D5282059C10001BDDB /* Preview Content */,
			);
			path = CoreDataProject;
			sourceTree = "<group>";
		};
		31FA36D5282059C10001BDDB /* Preview Content */ = {
			isa = PBXGroup;
			children = (
				31FA36D6282059C10001BDDB /* Preview Assets.xcassets */,
			);
			path = "Preview Content";
			sourceTree = "<group>";
		};
		31FA36E228205B320001BDDB /* DataModel */ = {
			isa = PBXGroup;
			children = (
				31FA36ED2820F70D0001BDDB /* ReadMe1.h */,
				31FA36E82820F6630001BDDB /* Movie+CoreDataProperties.swift */,
				31FA36E72820F6630001BDDB /* Movie+CoreDataClass.swift */,
				31FA36DD282059EC0001BDDB /* CoreDataProjectOne.xcdatamodeld */,
			);
			path = DataModel;
			sourceTree = "<group>";
		};
		31FA36E62820F5B40001BDDB /* Entity */ = {
			isa = PBXGroup;
			children = (
				31FA36E228205B320001BDDB /* DataModel */,
			);
			path = Entity;
			sourceTree = "<group>";
		};
		31FA36F2282194960001BDDB /* Entity2 */ = {
			isa = PBXGroup;
			children = (
				31FA36F3282194B00001BDDB /* WizardModel.xcdatamodeld */,
				31FA36EE2820FA980001BDDB /* DataModel.swift */,
				31FA36F6282195BC0001BDDB /* WizardContentView.swift */,
			);
			path = Entity2;
			sourceTree = "<group>";
		};
		31FA36F82821D8210001BDDB /* Entity3 */ = {
			isa = PBXGroup;
			children = (
				31FA36F92821D8360001BDDB /* ShipContentView.swift */,
				31FA36FB2821D8460001BDDB /* ShipModel.xcdatamodeld */,
				31FA36FE2821D86D0001BDDB /* ShipDataModel.swift */,
			);
			path = Entity3;
			sourceTree = "<group>";
		};
		31FA3700282208600001BDDB /* Entity4 */ = {
			isa = PBXGroup;
			children = (
				31FA3704282208CD0001BDDB /* Singer+CoreDataClass.swift */,
				31FA3705282208CD0001BDDB /* Singer+CoreDataProperties.swift */,
				31FA37012822088C0001BDDB /* DynamicFilterOfSingers.xcdatamodeld */,
				31FA3708282209210001BDDB /* SingerDM.swift */,
				31FA370B28220A4B0001BDDB /* DFContentView.swift */,
				31FA370D28220C300001BDDB /* FilteredList.swift */,
			);
			path = Entity4;
			sourceTree = "<group>";
		};
		31FA370A282209BF0001BDDB /* First Tuts */ = {
			isa = PBXGroup;
			children = (
				31FA36F0282192530001BDDB /* ConditionalSaving.swift */,
				31FA36E32820E96C0001BDDB /* UsingSelf.swift */,
			);
			path = "First Tuts";
			sourceTree = "<group>";
		};
/* End PBXGroup section */

/* Begin PBXNativeTarget section */
		31FA36CB282059C00001BDDB /* CoreDataProject */ = {
			isa = PBXNativeTarget;
			buildConfigurationList = 31FA36DA282059C10001BDDB /* Build configuration list for PBXNativeTarget "CoreDataProject" */;
			buildPhases = (
				31FA36C8282059C00001BDDB /* Sources */,
				31FA36C9282059C00001BDDB /* Frameworks */,
				31FA36CA282059C00001BDDB /* Resources */,
			);
			buildRules = (
			);
			dependencies = (
			);
			name = CoreDataProject;
			productName = CoreDataProject;
			productReference = 31FA36CC282059C00001BDDB /* CoreDataProject.app */;
			productType = "com.apple.product-type.application";
		};
/* End PBXNativeTarget section */

/* Begin PBXProject section */
		31FA36C4282059C00001BDDB /* Project object */ = {
			isa = PBXProject;
			attributes = {
				BuildIndependentTargetsInParallel = 1;
				LastSwiftUpdateCheck = 1320;
				LastUpgradeCheck = 1320;
				TargetAttributes = {
					31FA36CB282059C00001BDDB = {
						CreatedOnToolsVersion = 13.2.1;
					};
				};
			};
			buildConfigurationList = 31FA36C7282059C00001BDDB /* Build configuration list for PBXProject "CoreDataProject" */;
			compatibilityVersion = "Xcode 13.0";
			developmentRegion = en;
			hasScannedForEncodings = 0;
			knownRegions = (
				en,
				Base,
			);
			mainGroup = 31FA36C3282059C00001BDDB;
			productRefGroup = 31FA36CD282059C00001BDDB /* Products */;
			projectDirPath = "";
			projectRoot = "";
			targets = (
				31FA36CB282059C00001BDDB /* CoreDataProject */,
			);
		};
/* End PBXProject section */

/* Begin PBXResourcesBuildPhase section */
		31FA36CA282059C00001BDDB /* Resources */ = {
			isa = PBXResourcesBuildPhase;
			buildActionMask = 2147483647;
			files = (
				31FA36D7282059C10001BDDB /* Preview Assets.xcassets in Resources */,
				31FA36D4282059C10001BDDB /* Assets.xcassets in Resources */,
			);
			runOnlyForDeploymentPostprocessing = 0;
		};
/* End PBXResourcesBuildPhase section */

/* Begin PBXSourcesBuildPhase section */
		31FA36C8282059C00001BDDB /* Sources */ = {
			isa = PBXSourcesBuildPhase;
			buildActionMask = 2147483647;
			files = (
				31FA37032822088C0001BDDB /* DynamicFilterOfSingers.xcdatamodeld in Sources */,
				31FA36EF2820FA980001BDDB /* DataModel.swift in Sources */,
				31FA3706282208CD0001BDDB /* Singer+CoreDataClass.swift in Sources */,
				31FA36FF2821D86D0001BDDB /* ShipDataModel.swift in Sources */,
				31FA36E42820E96C0001BDDB /* UsingSelf.swift in Sources */,
				31FA3709282209210001BDDB /* SingerDM.swift in Sources */,
				31FA370E28220C300001BDDB /* FilteredList.swift in Sources */,
				31FA36D2282059C00001BDDB /* ContentView.swift in Sources */,
				31FA36D0282059C00001BDDB /* CoreDataProjectApp.swift in Sources */,
				31FA36E92820F6630001BDDB /* Movie+CoreDataClass.swift in Sources */,
				31FA36FA2821D8360001BDDB /* ShipContentView.swift in Sources */,
				31FA36F7282195BC0001BDDB /* WizardContentView.swift in Sources */,
				31FA36F5282194B00001BDDB /* WizardModel.xcdatamodeld in Sources */,
				31FA36EA2820F6630001BDDB /* Movie+CoreDataProperties.swift in Sources */,
				31FA370C28220A4B0001BDDB /* DFContentView.swift in Sources */,
				31FA36F1282192530001BDDB /* ConditionalSaving.swift in Sources */,
				31FA3707282208CD0001BDDB /* Singer+CoreDataProperties.swift in Sources */,
				31FA36DF282059EC0001BDDB /* CoreDataProjectOne.xcdatamodeld in Sources */,
				31FA36FD2821D8460001BDDB /* ShipModel.xcdatamodeld in Sources */,
			);
			runOnlyForDeploymentPostprocessing = 0;
		};
/* End PBXSourcesBuildPhase section */

/* Begin XCBuildConfiguration section */
		31FA36D8282059C10001BDDB /* Debug */ = {
			isa = XCBuildConfiguration;
			buildSettings = {
				ALWAYS_SEARCH_USER_PATHS = NO;
				CLANG_ANALYZER_NONNULL = YES;
				CLANG_ANALYZER_NUMBER_OBJECT_CONVERSION = YES_AGGRESSIVE;
				CLANG_CXX_LANGUAGE_STANDARD = "gnu++17";
				CLANG_CXX_LIBRARY = "libc++";
				CLANG_ENABLE_MODULES = YES;
				CLANG_ENABLE_OBJC_ARC = YES;
				CLANG_ENABLE_OBJC_WEAK = YES;
				CLANG_WARN_BLOCK_CAPTURE_AUTORELEASING = YES;
				CLANG_WARN_BOOL_CONVERSION = YES;
				CLANG_WARN_COMMA = YES;
				CLANG_WARN_CONSTANT_CONVERSION = YES;
				CLANG_WARN_DEPRECATED_OBJC_IMPLEMENTATIONS = YES;
				CLANG_WARN_DIRECT_OBJC_ISA_USAGE = YES_ERROR;
				CLANG_WARN_DOCUMENTATION_COMMENTS = YES;
				CLANG_WARN_EMPTY_BODY = YES;
				CLANG_WARN_ENUM_CONVERSION = YES;
				CLANG_WARN_INFINITE_RECURSION = YES;
				CLANG_WARN_INT_CONVERSION = YES;
				CLANG_WARN_NON_LITERAL_NULL_CONVERSION = YES;
				CLANG_WARN_OBJC_IMPLICIT_RETAIN_SELF = YES;
				CLANG_WARN_OBJC_LITERAL_CONVERSION = YES;
				CLANG_WARN_OBJC_ROOT_CLASS = YES_ERROR;
				CLANG_WARN_QUOTED_INCLUDE_IN_FRAMEWORK_HEADER = YES;
				CLANG_WARN_RANGE_LOOP_ANALYSIS = YES;
				CLANG_WARN_STRICT_PROTOTYPES = YES;
				CLANG_WARN_SUSPICIOUS_MOVE = YES;
				CLANG_WARN_UNGUARDED_AVAILABILITY = YES_AGGRESSIVE;
				CLANG_WARN_UNREACHABLE_CODE = YES;
				CLANG_WARN__DUPLICATE_METHOD_MATCH = YES;
				COPY_PHASE_STRIP = NO;
				DEBUG_INFORMATION_FORMAT = dwarf;
				ENABLE_STRICT_OBJC_MSGSEND = YES;
				ENABLE_TESTABILITY = YES;
				GCC_C_LANGUAGE_STANDARD = gnu11;
				GCC_DYNAMIC_NO_PIC = NO;
				GCC_NO_COMMON_BLOCKS = YES;
				GCC_OPTIMIZATION_LEVEL = 0;
				GCC_PREPROCESSOR_DEFINITIONS = (
					"DEBUG=1",
					"$(inherited)",
				);
				GCC_WARN_64_TO_32_BIT_CONVERSION = YES;
				GCC_WARN_ABOUT_RETURN_TYPE = YES_ERROR;
				GCC_WARN_UNDECLARED_SELECTOR = YES;
				GCC_WARN_UNINITIALIZED_AUTOS = YES_AGGRESSIVE;
				GCC_WARN_UNUSED_FUNCTION = YES;
				GCC_WARN_UNUSED_VARIABLE = YES;
				IPHONEOS_DEPLOYMENT_TARGET = 15.2;
				MTL_ENABLE_DEBUG_INFO = INCLUDE_SOURCE;
				MTL_FAST_MATH = YES;
				ONLY_ACTIVE_ARCH = YES;
				SDKROOT = iphoneos;
				SWIFT_ACTIVE_COMPILATION_CONDITIONS = DEBUG;
				SWIFT_OPTIMIZATION_LEVEL = "-Onone";
			};
			name = Debug;
		};
		31FA36D9282059C10001BDDB /* Release */ = {
			isa = XCBuildConfiguration;
			buildSettings = {
				ALWAYS_SEARCH_USER_PATHS = NO;
				CLANG_ANALYZER_NONNULL = YES;
				CLANG_ANALYZER_NUMBER_OBJECT_CONVERSION = YES_AGGRESSIVE;
				CLANG_CXX_LANGUAGE_STANDARD = "gnu++17";
				CLANG_CXX_LIBRARY = "libc++";
				CLANG_ENABLE_MODULES = YES;
				CLANG_ENABLE_OBJC_ARC = YES;
				CLANG_ENABLE_OBJC_WEAK = YES;
				CLANG_WARN_BLOCK_CAPTURE_AUTORELEASING = YES;
				CLANG_WARN_BOOL_CONVERSION = YES;
				CLANG_WARN_COMMA = YES;
				CLANG_WARN_CONSTANT_CONVERSION = YES;
				CLANG_WARN_DEPRECATED_OBJC_IMPLEMENTATIONS = YES;
				CLANG_WARN_DIRECT_OBJC_ISA_USAGE = YES_ERROR;
				CLANG_WARN_DOCUMENTATION_COMMENTS = YES;
				CLANG_WARN_EMPTY_BODY = YES;
				CLANG_WARN_ENUM_CONVERSION = YES;
				CLANG_WARN_INFINITE_RECURSION = YES;
				CLANG_WARN_INT_CONVERSION = YES;
				CLANG_WARN_NON_LITERAL_NULL_CONVERSION = YES;
				CLANG_WARN_OBJC_IMPLICIT_RETAIN_SELF = YES;
				CLANG_WARN_OBJC_LITERAL_CONVERSION = YES;
				CLANG_WARN_OBJC_ROOT_CLASS = YES_ERROR;
				CLANG_WARN_QUOTED_INCLUDE_IN_FRAMEWORK_HEADER = YES;
				CLANG_WARN_RANGE_LOOP_ANALYSIS = YES;
				CLANG_WARN_STRICT_PROTOTYPES = YES;
				CLANG_WARN_SUSPICIOUS_MOVE = YES;
				CLANG_WARN_UNGUARDED_AVAILABILITY = YES_AGGRESSIVE;
				CLANG_WARN_UNREACHABLE_CODE = YES;
				CLANG_WARN__DUPLICATE_METHOD_MATCH = YES;
				COPY_PHASE_STRIP = NO;
				DEBUG_INFORMATION_FORMAT = "dwarf-with-dsym";
				ENABLE_NS_ASSERTIONS = NO;
				ENABLE_STRICT_OBJC_MSGSEND = YES;
				GCC_C_LANGUAGE_STANDARD = gnu11;
				GCC_NO_COMMON_BLOCKS = YES;
				GCC_WARN_64_TO_32_BIT_CONVERSION = YES;
				GCC_WARN_ABOUT_RETURN_TYPE = YES_ERROR;
				GCC_WARN_UNDECLARED_SELECTOR = YES;
				GCC_WARN_UNINITIALIZED_AUTOS = YES_AGGRESSIVE;
				GCC_WARN_UNUSED_FUNCTION = YES;
				GCC_WARN_UNUSED_VARIABLE = YES;
				IPHONEOS_DEPLOYMENT_TARGET = 15.2;
				MTL_ENABLE_DEBUG_INFO = NO;
				MTL_FAST_MATH = YES;
				SDKROOT = iphoneos;
				SWIFT_COMPILATION_MODE = wholemodule;
				SWIFT_OPTIMIZATION_LEVEL = "-O";
				VALIDATE_PRODUCT = YES;
			};
			name = Release;
		};
		31FA36DB282059C10001BDDB /* Debug */ = {
			isa = XCBuildConfiguration;
			buildSettings = {
				ASSETCATALOG_COMPILER_APPICON_NAME = AppIcon;
				ASSETCATALOG_COMPILER_GLOBAL_ACCENT_COLOR_NAME = AccentColor;
				CODE_SIGN_STYLE = Automatic;
				CURRENT_PROJECT_VERSION = 1;
				DEVELOPMENT_ASSET_PATHS = "\"CoreDataProject/Preview Content\"";
				DEVELOPMENT_TEAM = 7HSG94ANS5;
				ENABLE_PREVIEWS = YES;
				GENERATE_INFOPLIST_FILE = YES;
				INFOPLIST_KEY_UIApplicationSceneManifest_Generation = YES;
				INFOPLIST_KEY_UIApplicationSupportsIndirectInputEvents = YES;
				INFOPLIST_KEY_UILaunchScreen_Generation = YES;
				INFOPLIST_KEY_UISupportedInterfaceOrientations_iPad = "UIInterfaceOrientationPortrait UIInterfaceOrientationPortraitUpsideDown UIInterfaceOrientationLandscapeLeft UIInterfaceOrientationLandscapeRight";
				INFOPLIST_KEY_UISupportedInterfaceOrientations_iPhone = "UIInterfaceOrientationPortrait UIInterfaceOrientationLandscapeLeft UIInterfaceOrientationLandscapeRight";
				LD_RUNPATH_SEARCH_PATHS = (
					"$(inherited)",
					"@executable_path/Frameworks",
				);
				MARKETING_VERSION = 1.0;
				PRODUCT_BUNDLE_IDENTIFIER = com.URChurch.CoreDataProject;
				PRODUCT_NAME = "$(TARGET_NAME)";
				SWIFT_EMIT_LOC_STRINGS = YES;
				SWIFT_VERSION = 5.0;
				TARGETED_DEVICE_FAMILY = "1,2";
			};
			name = Debug;
		};
		31FA36DC282059C10001BDDB /* Release */ = {
			isa = XCBuildConfiguration;
			buildSettings = {
				ASSETCATALOG_COMPILER_APPICON_NAME = AppIcon;
				ASSETCATALOG_COMPILER_GLOBAL_ACCENT_COLOR_NAME = AccentColor;
				CODE_SIGN_STYLE = Automatic;
				CURRENT_PROJECT_VERSION = 1;
				DEVELOPMENT_ASSET_PATHS = "\"CoreDataProject/Preview Content\"";
				DEVELOPMENT_TEAM = 7HSG94ANS5;
				ENABLE_PREVIEWS = YES;
				GENERATE_INFOPLIST_FILE = YES;
				INFOPLIST_KEY_UIApplicationSceneManifest_Generation = YES;
				INFOPLIST_KEY_UIApplicationSupportsIndirectInputEvents = YES;
				INFOPLIST_KEY_UILaunchScreen_Generation = YES;
				INFOPLIST_KEY_UISupportedInterfaceOrientations_iPad = "UIInterfaceOrientationPortrait UIInterfaceOrientationPortraitUpsideDown UIInterfaceOrientationLandscapeLeft UIInterfaceOrientationLandscapeRight";
				INFOPLIST_KEY_UISupportedInterfaceOrientations_iPhone = "UIInterfaceOrientationPortrait UIInterfaceOrientationLandscapeLeft UIInterfaceOrientationLandscapeRight";
				LD_RUNPATH_SEARCH_PATHS = (
					"$(inherited)",
					"@executable_path/Frameworks",
				);
				MARKETING_VERSION = 1.0;
				PRODUCT_BUNDLE_IDENTIFIER = com.URChurch.CoreDataProject;
				PRODUCT_NAME = "$(TARGET_NAME)";
				SWIFT_EMIT_LOC_STRINGS = YES;
				SWIFT_VERSION = 5.0;
				TARGETED_DEVICE_FAMILY = "1,2";
			};
			name = Release;
		};
/* End XCBuildConfiguration section */

/* Begin XCConfigurationList section */
		31FA36C7282059C00001BDDB /* Build configuration list for PBXProject "CoreDataProject" */ = {
			isa = XCConfigurationList;
			buildConfigurations = (
				31FA36D8282059C10001BDDB /* Debug */,
				31FA36D9282059C10001BDDB /* Release */,
			);
			defaultConfigurationIsVisible = 0;
			defaultConfigurationName = Release;
		};
		31FA36DA282059C10001BDDB /* Build configuration list for PBXNativeTarget "CoreDataProject" */ = {
			isa = XCConfigurationList;
			buildConfigurations = (
				31FA36DB282059C10001BDDB /* Debug */,
				31FA36DC282059C10001BDDB /* Release */,
			);
			defaultConfigurationIsVisible = 0;
			defaultConfigurationName = Release;
		};
/* End XCConfigurationList section */

/* Begin XCVersionGroup section */
		31FA36DD282059EC0001BDDB /* CoreDataProjectOne.xcdatamodeld */ = {
			isa = XCVersionGroup;
			children = (
				31FA36DE282059EC0001BDDB /* CoreDataProject.xcdatamodel */,
			);
			currentVersion = 31FA36DE282059EC0001BDDB /* CoreDataProject.xcdatamodel */;
			path = CoreDataProjectOne.xcdatamodeld;
			sourceTree = "<group>";
			versionGroupType = wrapper.xcdatamodel;
		};
		31FA36F3282194B00001BDDB /* WizardModel.xcdatamodeld */ = {
			isa = XCVersionGroup;
			children = (
				31FA36F4282194B00001BDDB /* WizardModel.xcdatamodel */,
			);
			currentVersion = 31FA36F4282194B00001BDDB /* WizardModel.xcdatamodel */;
			path = WizardModel.xcdatamodeld;
			sourceTree = "<group>";
			versionGroupType = wrapper.xcdatamodel;
		};
		31FA36FB2821D8460001BDDB /* ShipModel.xcdatamodeld */ = {
			isa = XCVersionGroup;
			children = (
				31FA36FC2821D8460001BDDB /* ShipModel.xcdatamodel */,
			);
			currentVersion = 31FA36FC2821D8460001BDDB /* ShipModel.xcdatamodel */;
			path = ShipModel.xcdatamodeld;
			sourceTree = "<group>";
			versionGroupType = wrapper.xcdatamodel;
		};
		31FA37012822088C0001BDDB /* DynamicFilterOfSingers.xcdatamodeld */ = {
			isa = XCVersionGroup;
			children = (
				31FA37022822088C0001BDDB /* DynamicFilterOfSingers.xcdatamodel */,
			);
			currentVersion = 31FA37022822088C0001BDDB /* DynamicFilterOfSingers.xcdatamodel */;
			path = DynamicFilterOfSingers.xcdatamodeld;
			sourceTree = "<group>";
			versionGroupType = wrapper.xcdatamodel;
		};
/* End XCVersionGroup section */
	};
	rootObject = 31FA36C4282059C00001BDDB /* Project object */;
}
